// !$*UTF8*$!
{
	archiveVersion = 1;
	classes = {
	};
	objectVersion = 46;
	objects = {

/* Begin PBXBuildFile section */
		D79098B818707CAF00572B6A /* Foundation.framework in Frameworks */ = {isa = PBXBuildFile; fileRef = D79098B718707CAF00572B6A /* Foundation.framework */; };
		D79098BA18707CAF00572B6A /* CoreGraphics.framework in Frameworks */ = {isa = PBXBuildFile; fileRef = D79098B918707CAF00572B6A /* CoreGraphics.framework */; };
		D79098BC18707CAF00572B6A /* UIKit.framework in Frameworks */ = {isa = PBXBuildFile; fileRef = D79098BB18707CAF00572B6A /* UIKit.framework */; };
		D79098C218707CAF00572B6A /* InfoPlist.strings in Resources */ = {isa = PBXBuildFile; fileRef = D79098C018707CAF00572B6A /* InfoPlist.strings */; };
		D79098C418707CAF00572B6A /* main.m in Sources */ = {isa = PBXBuildFile; fileRef = D79098C318707CAF00572B6A /* main.m */; };
		D79098C818707CAF00572B6A /* AppDelegate.m in Sources */ = {isa = PBXBuildFile; fileRef = D79098C718707CAF00572B6A /* AppDelegate.m */; };
		D79098CB18707CAF00572B6A /* Main.storyboard in Resources */ = {isa = PBXBuildFile; fileRef = D79098C918707CAF00572B6A /* Main.storyboard */; };
		D79098CE18707CAF00572B6A /* ViewController.m in Sources */ = {isa = PBXBuildFile; fileRef = D79098CD18707CAF00572B6A /* ViewController.m */; };
		D79098D018707CB000572B6A /* Images.xcassets in Resources */ = {isa = PBXBuildFile; fileRef = D79098CF18707CB000572B6A /* Images.xcassets */; };
		D79098D718707CB000572B6A /* XCTest.framework in Frameworks */ = {isa = PBXBuildFile; fileRef = D79098D618707CB000572B6A /* XCTest.framework */; };
		D79098D818707CB000572B6A /* Foundation.framework in Frameworks */ = {isa = PBXBuildFile; fileRef = D79098B718707CAF00572B6A /* Foundation.framework */; };
		D79098D918707CB000572B6A /* UIKit.framework in Frameworks */ = {isa = PBXBuildFile; fileRef = D79098BB18707CAF00572B6A /* UIKit.framework */; };
		D79098E118707CB000572B6A /* InfoPlist.strings in Resources */ = {isa = PBXBuildFile; fileRef = D79098DF18707CB000572B6A /* InfoPlist.strings */; };
		D79098E318707CB000572B6A /* FlyingRiceCakesTests.m in Sources */ = {isa = PBXBuildFile; fileRef = D79098E218707CB000572B6A /* FlyingRiceCakesTests.m */; };
/* End PBXBuildFile section */

/* Begin PBXContainerItemProxy section */
		D79098DA18707CB000572B6A /* PBXContainerItemProxy */ = {
			isa = PBXContainerItemProxy;
			containerPortal = D79098AC18707CAF00572B6A /* Project object */;
			proxyType = 1;
			remoteGlobalIDString = D79098B318707CAF00572B6A;
			remoteInfo = FlyingRiceCakes;
		};
/* End PBXContainerItemProxy section */

/* Begin PBXFileReference section */
		D79098B418707CAF00572B6A /* FlyingRiceCakes.app */ = {isa = PBXFileReference; explicitFileType = wrapper.application; includeInIndex = 0; path = FlyingRiceCakes.app; sourceTree = BUILT_PRODUCTS_DIR; };
		D79098B718707CAF00572B6A /* Foundation.framework */ = {isa = PBXFileReference; lastKnownFileType = wrapper.framework; name = Foundation.framework; path = System/Library/Frameworks/Foundation.framework; sourceTree = SDKROOT; };
		D79098B918707CAF00572B6A /* CoreGraphics.framework */ = {isa = PBXFileReference; lastKnownFileType = wrapper.framework; name = CoreGraphics.framework; path = System/Library/Frameworks/CoreGraphics.framework; sourceTree = SDKROOT; };
		D79098BB18707CAF00572B6A /* UIKit.framework */ = {isa = PBXFileReference; lastKnownFileType = wrapper.framework; name = UIKit.framework; path = System/Library/Frameworks/UIKit.framework; sourceTree = SDKROOT; };
		D79098BF18707CAF00572B6A /* FlyingRiceCakes-Info.plist */ = {isa = PBXFileReference; lastKnownFileType = text.plist.xml; path = "FlyingRiceCakes-Info.plist"; sourceTree = "<group>"; };
		D79098C118707CAF00572B6A /* en */ = {isa = PBXFileReference; lastKnownFileType = text.plist.strings; name = en; path = en.lproj/InfoPlist.strings; sourceTree = "<group>"; };
		D79098C318707CAF00572B6A /* main.m */ = {isa = PBXFileReference; lastKnownFileType = sourcecode.c.objc; path = main.m; sourceTree = "<group>"; };
		D79098C518707CAF00572B6A /* FlyingRiceCakes-Prefix.pch */ = {isa = PBXFileReference; lastKnownFileType = sourcecode.c.h; path = "FlyingRiceCakes-Prefix.pch"; sourceTree = "<group>"; };
		D79098C618707CAF00572B6A /* AppDelegate.h */ = {isa = PBXFileReference; lastKnownFileType = sourcecode.c.h; path = AppDelegate.h; sourceTree = "<group>"; };
		D79098C718707CAF00572B6A /* AppDelegate.m */ = {isa = PBXFileReference; lastKnownFileType = sourcecode.c.objc; path = AppDelegate.m; sourceTree = "<group>"; };
		D79098CA18707CAF00572B6A /* Base */ = {isa = PBXFileReference; lastKnownFileType = file.storyboard; name = Base; path = Base.lproj/Main.storyboard; sourceTree = "<group>"; };
		D79098CC18707CAF00572B6A /* ViewController.h */ = {isa = PBXFileReference; lastKnownFileType = sourcecode.c.h; path = ViewController.h; sourceTree = "<group>"; };
		D79098CD18707CAF00572B6A /* ViewController.m */ = {isa = PBXFileReference; lastKnownFileType = sourcecode.c.objc; path = ViewController.m; sourceTree = "<group>"; };
		D79098CF18707CB000572B6A /* Images.xcassets */ = {isa = PBXFileReference; lastKnownFileType = folder.assetcatalog; path = Images.xcassets; sourceTree = "<group>"; };
		D79098D518707CB000572B6A /* FlyingRiceCakesTests.xctest */ = {isa = PBXFileReference; explicitFileType = wrapper.cfbundle; includeInIndex = 0; path = FlyingRiceCakesTests.xctest; sourceTree = BUILT_PRODUCTS_DIR; };
		D79098D618707CB000572B6A /* XCTest.framework */ = {isa = PBXFileReference; lastKnownFileType = wrapper.framework; name = XCTest.framework; path = Library/Frameworks/XCTest.framework; sourceTree = DEVELOPER_DIR; };
		D79098DE18707CB000572B6A /* FlyingRiceCakesTests-Info.plist */ = {isa = PBXFileReference; lastKnownFileType = text.plist.xml; path = "FlyingRiceCakesTests-Info.plist"; sourceTree = "<group>"; };
		D79098E018707CB000572B6A /* en */ = {isa = PBXFileReference; lastKnownFileType = text.plist.strings; name = en; path = en.lproj/InfoPlist.strings; sourceTree = "<group>"; };
		D79098E218707CB000572B6A /* FlyingRiceCakesTests.m */ = {isa = PBXFileReference; lastKnownFileType = sourcecode.c.objc; path = FlyingRiceCakesTests.m; sourceTree = "<group>"; };
/* End PBXFileReference section */

/* Begin PBXFrameworksBuildPhase section */
		D79098B118707CAF00572B6A /* Frameworks */ = {
			isa = PBXFrameworksBuildPhase;
			buildActionMask = 2147483647;
			files = (
				D79098BA18707CAF00572B6A /* CoreGraphics.framework in Frameworks */,
				D79098BC18707CAF00572B6A /* UIKit.framework in Frameworks */,
				D79098B818707CAF00572B6A /* Foundation.framework in Frameworks */,
			);
			runOnlyForDeploymentPostprocessing = 0;
		};
		D79098D218707CB000572B6A /* Frameworks */ = {
			isa = PBXFrameworksBuildPhase;
			buildActionMask = 2147483647;
			files = (
				D79098D718707CB000572B6A /* XCTest.framework in Frameworks */,
				D79098D918707CB000572B6A /* UIKit.framework in Frameworks */,
				D79098D818707CB000572B6A /* Foundation.framework in Frameworks */,
			);
			runOnlyForDeploymentPostprocessing = 0;
		};
/* End PBXFrameworksBuildPhase section */

/* Begin PBXGroup section */
		D79098AB18707CAF00572B6A = {
			isa = PBXGroup;
			children = (
				D79098BD18707CAF00572B6A /* FlyingRiceCakes */,
				D79098DC18707CB000572B6A /* FlyingRiceCakesTests */,
				D79098B618707CAF00572B6A /* Frameworks */,
				D79098B518707CAF00572B6A /* Products */,
			);
			sourceTree = "<group>";
		};
		D79098B518707CAF00572B6A /* Products */ = {
			isa = PBXGroup;
			children = (
				D79098B418707CAF00572B6A /* FlyingRiceCakes.app */,
				D79098D518707CB000572B6A /* FlyingRiceCakesTests.xctest */,
			);
			name = Products;
			sourceTree = "<group>";
		};
		D79098B618707CAF00572B6A /* Frameworks */ = {
			isa = PBXGroup;
			children = (
				D79098B718707CAF00572B6A /* Foundation.framework */,
				D79098B918707CAF00572B6A /* CoreGraphics.framework */,
				D79098BB18707CAF00572B6A /* UIKit.framework */,
				D79098D618707CB000572B6A /* XCTest.framework */,
			);
			name = Frameworks;
			sourceTree = "<group>";
		};
		D79098BD18707CAF00572B6A /* FlyingRiceCakes */ = {
			isa = PBXGroup;
			children = (
				D79098C618707CAF00572B6A /* AppDelegate.h */,
				D79098C718707CAF00572B6A /* AppDelegate.m */,
				D79098C918707CAF00572B6A /* Main.storyboard */,
				D79098CC18707CAF00572B6A /* ViewController.h */,
				D79098CD18707CAF00572B6A /* ViewController.m */,
				D79098CF18707CB000572B6A /* Images.xcassets */,
				D79098BE18707CAF00572B6A /* Supporting Files */,
			);
			path = FlyingRiceCakes;
			sourceTree = "<group>";
		};
		D79098BE18707CAF00572B6A /* Supporting Files */ = {
			isa = PBXGroup;
			children = (
				D79098BF18707CAF00572B6A /* FlyingRiceCakes-Info.plist */,
				D79098C018707CAF00572B6A /* InfoPlist.strings */,
				D79098C318707CAF00572B6A /* main.m */,
				D79098C518707CAF00572B6A /* FlyingRiceCakes-Prefix.pch */,
			);
			name = "Supporting Files";
			sourceTree = "<group>";
		};
		D79098DC18707CB000572B6A /* FlyingRiceCakesTests */ = {
			isa = PBXGroup;
			children = (
				D79098E218707CB000572B6A /* FlyingRiceCakesTests.m */,
				D79098DD18707CB000572B6A /* Supporting Files */,
			);
			path = FlyingRiceCakesTests;
			sourceTree = "<group>";
		};
		D79098DD18707CB000572B6A /* Supporting Files */ = {
			isa = PBXGroup;
			children = (
				D79098DE18707CB000572B6A /* FlyingRiceCakesTests-Info.plist */,
				D79098DF18707CB000572B6A /* InfoPlist.strings */,
			);
			name = "Supporting Files";
			sourceTree = "<group>";
		};
/* End PBXGroup section */

/* Begin PBXNativeTarget section */
		D79098B318707CAF00572B6A /* FlyingRiceCakes */ = {
			isa = PBXNativeTarget;
			buildConfigurationList = D79098E618707CB000572B6A /* Build configuration list for PBXNativeTarget "FlyingRiceCakes" */;
			buildPhases = (
				D79098B018707CAF00572B6A /* Sources */,
				D79098B118707CAF00572B6A /* Frameworks */,
				D79098B218707CAF00572B6A /* Resources */,
			);
			buildRules = (
			);
			dependencies = (
			);
			name = FlyingRiceCakes;
			productName = FlyingRiceCakes;
			productReference = D79098B418707CAF00572B6A /* FlyingRiceCakes.app */;
			productType = "com.apple.product-type.application";
		};
		D79098D418707CB000572B6A /* FlyingRiceCakesTests */ = {
			isa = PBXNativeTarget;
			buildConfigurationList = D79098E918707CB000572B6A /* Build configuration list for PBXNativeTarget "FlyingRiceCakesTests" */;
			buildPhases = (
				D79098D118707CB000572B6A /* Sources */,
				D79098D218707CB000572B6A /* Frameworks */,
				D79098D318707CB000572B6A /* Resources */,
			);
			buildRules = (
			);
			dependencies = (
				D79098DB18707CB000572B6A /* PBXTargetDependency */,
			);
			name = FlyingRiceCakesTests;
			productName = FlyingRiceCakesTests;
			productReference = D79098D518707CB000572B6A /* FlyingRiceCakesTests.xctest */;
			productType = "com.apple.product-type.bundle.unit-test";
		};
/* End PBXNativeTarget section */

/* Begin PBXProject section */
		D79098AC18707CAF00572B6A /* Project object */ = {
			isa = PBXProject;
			attributes = {
				LastUpgradeCheck = 0500;
				ORGANIZATIONNAME = masanori;
				TargetAttributes = {
					D79098D418707CB000572B6A = {
						TestTargetID = D79098B318707CAF00572B6A;
					};
				};
			};
			buildConfigurationList = D79098AF18707CAF00572B6A /* Build configuration list for PBXProject "FlyingRiceCakes" */;
			compatibilityVersion = "Xcode 3.2";
			developmentRegion = English;
			hasScannedForEncodings = 0;
			knownRegions = (
				en,
				Base,
			);
			mainGroup = D79098AB18707CAF00572B6A;
			productRefGroup = D79098B518707CAF00572B6A /* Products */;
			projectDirPath = "";
			projectRoot = "";
			targets = (
				D79098B318707CAF00572B6A /* FlyingRiceCakes */,
				D79098D418707CB000572B6A /* FlyingRiceCakesTests */,
			);
		};
/* End PBXProject section */

/* Begin PBXResourcesBuildPhase section */
		D79098B218707CAF00572B6A /* Resources */ = {
			isa = PBXResourcesBuildPhase;
			buildActionMask = 2147483647;
			files = (
				D79098D018707CB000572B6A /* Images.xcassets in Resources */,
				D79098C218707CAF00572B6A /* InfoPlist.strings in Resources */,
				D79098CB18707CAF00572B6A /* Main.storyboard in Resources */,
			);
			runOnlyForDeploymentPostprocessing = 0;
		};
		D79098D318707CB000572B6A /* Resources */ = {
			isa = PBXResourcesBuildPhase;
			buildActionMask = 2147483647;
			files = (
				D79098E118707CB000572B6A /* InfoPlist.strings in Resources */,
			);
			runOnlyForDeploymentPostprocessing = 0;
		};
/* End PBXResourcesBuildPhase section */

/* Begin PBXSourcesBuildPhase section */
		D79098B018707CAF00572B6A /* Sources */ = {
			isa = PBXSourcesBuildPhase;
			buildActionMask = 2147483647;
			files = (
				D79098CE18707CAF00572B6A /* ViewController.m in Sources */,
				D79098C818707CAF00572B6A /* AppDelegate.m in Sources */,
				D79098C418707CAF00572B6A /* main.m in Sources */,
			);
			runOnlyForDeploymentPostprocessing = 0;
		};
		D79098D118707CB000572B6A /* Sources */ = {
			isa = PBXSourcesBuildPhase;
			buildActionMask = 2147483647;
			files = (
				D79098E318707CB000572B6A /* FlyingRiceCakesTests.m in Sources */,
			);
			runOnlyForDeploymentPostprocessing = 0;
		};
/* End PBXSourcesBuildPhase section */

/* Begin PBXTargetDependency section */
		D79098DB18707CB000572B6A /* PBXTargetDependency */ = {
			isa = PBXTargetDependency;
			target = D79098B318707CAF00572B6A /* FlyingRiceCakes */;
			targetProxy = D79098DA18707CB000572B6A /* PBXContainerItemProxy */;
		};
/* End PBXTargetDependency section */

/* Begin PBXVariantGroup section */
		D79098C018707CAF00572B6A /* InfoPlist.strings */ = {
			isa = PBXVariantGroup;
			children = (
				D79098C118707CAF00572B6A /* en */,
			);
			name = InfoPlist.strings;
			sourceTree = "<group>";
		};
		D79098C918707CAF00572B6A /* Main.storyboard */ = {
			isa = PBXVariantGroup;
			children = (
				D79098CA18707CAF00572B6A /* Base */,
			);
			name = Main.storyboard;
			sourceTree = "<group>";
		};
		D79098DF18707CB000572B6A /* InfoPlist.strings */ = {
			isa = PBXVariantGroup;
			children = (
				D79098E018707CB000572B6A /* en */,
			);
			name = InfoPlist.strings;
			sourceTree = "<group>";
		};
/* End PBXVariantGroup section */

/* Begin XCBuildConfiguration section */
		D79098E418707CB000572B6A /* Debug */ = {
			isa = XCBuildConfiguration;
			buildSettings = {
				ALWAYS_SEARCH_USER_PATHS = NO;
				ARCHS = "$(ARCHS_STANDARD_INCLUDING_64_BIT)";
				CLANG_CXX_LANGUAGE_STANDARD = "gnu++0x";
				CLANG_CXX_LIBRARY = "libc++";
				CLANG_ENABLE_MODULES = YES;
				CLANG_ENABLE_OBJC_ARC = YES;
				CLANG_WARN_BOOL_CONVERSION = YES;
				CLANG_WARN_CONSTANT_CONVERSION = YES;
				CLANG_WARN_DIRECT_OBJC_ISA_USAGE = YES_ERROR;
				CLANG_WARN_EMPTY_BODY = YES;
				CLANG_WARN_ENUM_CONVERSION = YES;
				CLANG_WARN_INT_CONVERSION = YES;
				CLANG_WARN_OBJC_ROOT_CLASS = YES_ERROR;
				CLANG_WARN__DUPLICATE_METHOD_MATCH = YES;
				"CODE_SIGN_IDENTITY[sdk=iphoneos*]" = "iPhone Developer";
				COPY_PHASE_STRIP = NO;
				GCC_C_LANGUAGE_STANDARD = gnu99;
				GCC_DYNAMIC_NO_PIC = NO;
				GCC_OPTIMIZATION_LEVEL = 0;
				GCC_PREPROCESSOR_DEFINITIONS = (
					"DEBUG=1",
					"$(inherited)",
				);
				GCC_SYMBOLS_PRIVATE_EXTERN = NO;
				GCC_WARN_64_TO_32_BIT_CONVERSION = YES;
				GCC_WARN_ABOUT_RETURN_TYPE = YES_ERROR;
				GCC_WARN_UNDECLARED_SELECTOR = YES;
				GCC_WARN_UNINITIALIZED_AUTOS = YES;
				GCC_WARN_UNUSED_FUNCTION = YES;
				GCC_WARN_UNUSED_VARIABLE = YES;
				IPHONEOS_DEPLOYMENT_TARGET = 7.0;
				ONLY_ACTIVE_ARCH = YES;
				SDKROOT = iphoneos;
			};
			name = Debug;
		};
		D79098E518707CB000572B6A /* Release */ = {
			isa = XCBuildConfiguration;
			buildSettings = {
				ALWAYS_SEARCH_USER_PATHS = NO;
				ARCHS = "$(ARCHS_STANDARD_INCLUDING_64_BIT)";
				CLANG_CXX_LANGUAGE_STANDARD = "gnu++0x";
				CLANG_CXX_LIBRARY = "libc++";
				CLANG_ENABLE_MODULES = YES;
				CLANG_ENABLE_OBJC_ARC = YES;
				CLANG_WARN_BOOL_CONVERSION = YES;
				CLANG_WARN_CONSTANT_CONVERSION = YES;
				CLANG_WARN_DIRECT_OBJC_ISA_USAGE = YES_ERROR;
				CLANG_WARN_EMPTY_BODY = YES;
				CLANG_WARN_ENUM_CONVERSION = YES;
				CLANG_WARN_INT_CONVERSION = YES;
				CLANG_WARN_OBJC_ROOT_CLASS = YES_ERROR;
				CLANG_WARN__DUPLICATE_METHOD_MATCH = YES;
				"CODE_SIGN_IDENTITY[sdk=iphoneos*]" = "iPhone Developer";
				COPY_PHASE_STRIP = YES;
				ENABLE_NS_ASSERTIONS = NO;
				GCC_C_LANGUAGE_STANDARD = gnu99;
				GCC_WARN_64_TO_32_BIT_CONVERSION = YES;
				GCC_WARN_ABOUT_RETURN_TYPE = YES_ERROR;
				GCC_WARN_UNDECLARED_SELECTOR = YES;
				GCC_WARN_UNINITIALIZED_AUTOS = YES;
				GCC_WARN_UNUSED_FUNCTION = YES;
				GCC_WARN_UNUSED_VARIABLE = YES;
				IPHONEOS_DEPLOYMENT_TARGET = 7.0;
				SDKROOT = iphoneos;
				VALIDATE_PRODUCT = YES;
			};
			name = Release;
		};
		D79098E718707CB000572B6A /* Debug */ = {
			isa = XCBuildConfiguration;
			buildSettings = {
				ASSETCATALOG_COMPILER_APPICON_NAME = AppIcon;
				ASSETCATALOG_COMPILER_LAUNCHIMAGE_NAME = LaunchImage;
				GCC_PRECOMPILE_PREFIX_HEADER = YES;
				GCC_PREFIX_HEADER = "FlyingRiceCakes/FlyingRiceCakes-Prefix.pch";
				INFOPLIST_FILE = "FlyingRiceCakes/FlyingRiceCakes-Info.plist";
				PRODUCT_NAME = "$(TARGET_NAME)";
				WRAPPER_EXTENSION = app;
			};
			name = Debug;
		};
		D79098E818707CB000572B6A /* Release */ = {
			isa = XCBuildConfiguration;
			buildSettings = {
				ASSETCATALOG_COMPILER_APPICON_NAME = AppIcon;
				ASSETCATALOG_COMPILER_LAUNCHIMAGE_NAME = LaunchImage;
				GCC_PRECOMPILE_PREFIX_HEADER = YES;
				GCC_PREFIX_HEADER = "FlyingRiceCakes/FlyingRiceCakes-Prefix.pch";
				INFOPLIST_FILE = "FlyingRiceCakes/FlyingRiceCakes-Info.plist";
				PRODUCT_NAME = "$(TARGET_NAME)";
				WRAPPER_EXTENSION = app;
			};
			name = Release;
		};
		D79098EA18707CB000572B6A /* Debug */ = {
			isa = XCBuildConfiguration;
			buildSettings = {
				ARCHS = "$(ARCHS_STANDARD_INCLUDING_64_BIT)";
				BUNDLE_LOADER = "$(BUILT_PRODUCTS_DIR)/FlyingRiceCakes.app/FlyingRiceCakes";
				FRAMEWORK_SEARCH_PATHS = (
					"$(SDKROOT)/Developer/Library/Frameworks",
					"$(inherited)",
					"$(DEVELOPER_FRAMEWORKS_DIR)",
				);
				GCC_PRECOMPILE_PREFIX_HEADER = YES;
				GCC_PREFIX_HEADER = "FlyingRiceCakes/FlyingRiceCakes-Prefix.pch";
				GCC_PREPROCESSOR_DEFINITIONS = (
					"DEBUG=1",
					"$(inherited)",
				);
				INFOPLIST_FILE = "FlyingRiceCakesTests/FlyingRiceCakesTests-Info.plist";
				PRODUCT_NAME = "$(TARGET_NAME)";
				TEST_HOST = "$(BUNDLE_LOADER)";
				WRAPPER_EXTENSION = xctest;
			};
			name = Debug;
		};
		D79098EB18707CB000572B6A /* Release */ = {
			isa = XCBuildConfiguration;
			buildSettings = {
				ARCHS = "$(ARCHS_STANDARD_INCLUDING_64_BIT)";
				BUNDLE_LOADER = "$(BUILT_PRODUCTS_DIR)/FlyingRiceCakes.app/FlyingRiceCakes";
				FRAMEWORK_SEARCH_PATHS = (
					"$(SDKROOT)/Developer/Library/Frameworks",
					"$(inherited)",
					"$(DEVELOPER_FRAMEWORKS_DIR)",
				);
				GCC_PRECOMPILE_PREFIX_HEADER = YES;
				GCC_PREFIX_HEADER = "FlyingRiceCakes/FlyingRiceCakes-Prefix.pch";
				INFOPLIST_FILE = "FlyingRiceCakesTests/FlyingRiceCakesTests-Info.plist";
				PRODUCT_NAME = "$(TARGET_NAME)";
				TEST_HOST = "$(BUNDLE_LOADER)";
				WRAPPER_EXTENSION = xctest;
			};
			name = Release;
		};
/* End XCBuildConfiguration section */

/* Begin XCConfigurationList section */
		D79098AF18707CAF00572B6A /* Build configuration list for PBXProject "FlyingRiceCakes" */ = {
			isa = XCConfigurationList;
			buildConfigurations = (
				D79098E418707CB000572B6A /* Debug */,
				D79098E518707CB000572B6A /* Release */,
			);
			defaultConfigurationIsVisible = 0;
			defaultConfigurationName = Release;
		};
		D79098E618707CB000572B6A /* Build configuration list for PBXNativeTarget "FlyingRiceCakes" */ = {
			isa = XCConfigurationList;
			buildConfigurations = (
				D79098E718707CB000572B6A /* Debug */,
				D79098E818707CB000572B6A /* Release */,
			);
			defaultConfigurationIsVisible = 0;
		};
		D79098E918707CB000572B6A /* Build configuration list for PBXNativeTarget "FlyingRiceCakesTests" */ = {
			isa = XCConfigurationList;
			buildConfigurations = (
				D79098EA18707CB000572B6A /* Debug */,
				D79098EB18707CB000572B6A /* Release */,
			);
			defaultConfigurationIsVisible = 0;
		};
/* End XCConfigurationList section */
	};
	rootObject = D79098AC18707CAF00572B6A /* Project object */;
}
